
Microsoft Visual Studio Solution File, Format Version 12.00
# Visual Studio Version 16
VisualStudioVersion = 16.0.29306.81
MinimumVisualStudioVersion = 10.0.40219.1
Project("{FAE04EC0-301F-11D3-BF4B-00C04F79EFBC}") = "MeuPrimeiroApp", "MeuPrimeiroApp\MeuPrimeiroApp.csproj", "{56145B91-BD46-4775-89FD-E7C213F935D5}"
EndProject
Global
	GlobalSection(SolutionConfigurationPlatforms) = preSolution
		Debug|Any CPU = Debug|Any CPU
		Release|Any CPU = Release|Any CPU
	EndGlobalSection
	GlobalSection(ProjectConfigurationPlatforms) = postSolution
		{56145B91-BD46-4775-89FD-E7C213F935D5}.Debug|Any CPU.ActiveCfg = Debug|Any CPU
		{56145B91-BD46-4775-89FD-E7C213F935D5}.Debug|Any CPU.Build.0 = Debug|Any CPU
		{56145B91-BD46-4775-89FD-E7C213F935D5}.Release|Any CPU.ActiveCfg = Release|Any CPU
		{56145B91-BD46-4775-89FD-E7C213F935D5}.Release|Any CPU.Build.0 = Release|Any CPU
	EndGlobalSection
	GlobalSection(SolutionProperties) = preSolution
		HideSolutionNode = FALSE
	EndGlobalSection
	GlobalSection(ExtensibilityGlobals) = postSolution
		SolutionGuid = {6658A4B5-6843-4DCD-A867-2DDD3943DDDC}
	EndGlobalSection
EndGlobal
